version = 1
revision = 2
requires-python = ">=3.13"

[[package]]
name = "certifi"
version = "2025.6.15"
source = { registry = "https://pypi.org/simple" }
sdist = { url = "https://files.pythonhosted.org/packages/73/f7/f14b46d4bcd21092d7d3ccef689615220d8a08fb25e564b65d20738e672e/certifi-2025.6.15.tar.gz", hash = "sha256:d747aa5a8b9bbbb1bb8c22bb13e22bd1f18e9796defa16bab421f7f7a317323b", size = 158753, upload-time = "2025-06-15T02:45:51.329Z" }
wheels = [
    { url = "https://files.pythonhosted.org/packages/84/ae/320161bd181fc06471eed047ecce67b693fd7515b16d495d8932db763426/certifi-2025.6.15-py3-none-any.whl", hash = "sha256:2e0c7ce7cb5d8f8634ca55d2ba7e6ec2689a2fd6537d8dec1296a477a4910057", size = 157650, upload-time = "2025-06-15T02:45:49.977Z" },
]

[[package]]
name = "charset-normalizer"
version = "3.4.2"
source = { registry = "https://pypi.org/simple" }
sdist = { url = "https://files.pythonhosted.org/packages/e4/33/89c2ced2b67d1c2a61c19c6751aa8902d46ce3dacb23600a283619f5a12d/charset_normalizer-3.4.2.tar.gz", hash = "sha256:5baececa9ecba31eff645232d59845c07aa030f0c81ee70184a90d35099a0e63", size = 126367, upload-time = "2025-05-02T08:34:42.01Z" }
wheels = [
    { url = "https://files.pythonhosted.org/packages/ea/12/a93df3366ed32db1d907d7593a94f1fe6293903e3e92967bebd6950ed12c/charset_normalizer-3.4.2-cp313-cp313-macosx_10_13_universal2.whl", hash = "sha256:926ca93accd5d36ccdabd803392ddc3e03e6d4cd1cf17deff3b989ab8e9dbcf0", size = 199622, upload-time = "2025-05-02T08:32:56.363Z" },
    { url = "https://files.pythonhosted.org/packages/04/93/bf204e6f344c39d9937d3c13c8cd5bbfc266472e51fc8c07cb7f64fcd2de/charset_normalizer-3.4.2-cp313-cp313-manylinux_2_17_aarch64.manylinux2014_aarch64.whl", hash = "sha256:eba9904b0f38a143592d9fc0e19e2df0fa2e41c3c3745554761c5f6447eedabf", size = 143435, upload-time = "2025-05-02T08:32:58.551Z" },
    { url = "https://files.pythonhosted.org/packages/22/2a/ea8a2095b0bafa6c5b5a55ffdc2f924455233ee7b91c69b7edfcc9e02284/charset_normalizer-3.4.2-cp313-cp313-manylinux_2_17_ppc64le.manylinux2014_ppc64le.whl", hash = "sha256:3fddb7e2c84ac87ac3a947cb4e66d143ca5863ef48e4a5ecb83bd48619e4634e", size = 153653, upload-time = "2025-05-02T08:33:00.342Z" },
    { url = "https://files.pythonhosted.org/packages/b6/57/1b090ff183d13cef485dfbe272e2fe57622a76694061353c59da52c9a659/charset_normalizer-3.4.2-cp313-cp313-manylinux_2_17_s390x.manylinux2014_s390x.whl", hash = "sha256:98f862da73774290f251b9df8d11161b6cf25b599a66baf087c1ffe340e9bfd1", size = 146231, upload-time = "2025-05-02T08:33:02.081Z" },
    { url = "https://files.pythonhosted.org/packages/e2/28/ffc026b26f441fc67bd21ab7f03b313ab3fe46714a14b516f931abe1a2d8/charset_normalizer-3.4.2-cp313-cp313-manylinux_2_17_x86_64.manylinux2014_x86_64.whl", hash = "sha256:6c9379d65defcab82d07b2a9dfbfc2e95bc8fe0ebb1b176a3190230a3ef0e07c", size = 148243, upload-time = "2025-05-02T08:33:04.063Z" },
    { url = "https://files.pythonhosted.org/packages/c0/0f/9abe9bd191629c33e69e47c6ef45ef99773320e9ad8e9cb08b8ab4a8d4cb/charset_normalizer-3.4.2-cp313-cp313-manylinux_2_5_i686.manylinux1_i686.manylinux_2_17_i686.manylinux2014_i686.whl", hash = "sha256:e635b87f01ebc977342e2697d05b56632f5f879a4f15955dfe8cef2448b51691", size = 150442, upload-time = "2025-05-02T08:33:06.418Z" },
    { url = "https://files.pythonhosted.org/packages/67/7c/a123bbcedca91d5916c056407f89a7f5e8fdfce12ba825d7d6b9954a1a3c/charset_normalizer-3.4.2-cp313-cp313-musllinux_1_2_aarch64.whl", hash = "sha256:1c95a1e2902a8b722868587c0e1184ad5c55631de5afc0eb96bc4b0d738092c0", size = 145147, upload-time = "2025-05-02T08:33:08.183Z" },
    { url = "https://files.pythonhosted.org/packages/ec/fe/1ac556fa4899d967b83e9893788e86b6af4d83e4726511eaaad035e36595/charset_normalizer-3.4.2-cp313-cp313-musllinux_1_2_i686.whl", hash = "sha256:ef8de666d6179b009dce7bcb2ad4c4a779f113f12caf8dc77f0162c29d20490b", size = 153057, upload-time = "2025-05-02T08:33:09.986Z" },
    { url = "https://files.pythonhosted.org/packages/2b/ff/acfc0b0a70b19e3e54febdd5301a98b72fa07635e56f24f60502e954c461/charset_normalizer-3.4.2-cp313-cp313-musllinux_1_2_ppc64le.whl", hash = "sha256:32fc0341d72e0f73f80acb0a2c94216bd704f4f0bce10aedea38f30502b271ff", size = 156454, upload-time = "2025-05-02T08:33:11.814Z" },
    { url = "https://files.pythonhosted.org/packages/92/08/95b458ce9c740d0645feb0e96cea1f5ec946ea9c580a94adfe0b617f3573/charset_normalizer-3.4.2-cp313-cp313-musllinux_1_2_s390x.whl", hash = "sha256:289200a18fa698949d2b39c671c2cc7a24d44096784e76614899a7ccf2574b7b", size = 154174, upload-time = "2025-05-02T08:33:13.707Z" },
    { url = "https://files.pythonhosted.org/packages/78/be/8392efc43487ac051eee6c36d5fbd63032d78f7728cb37aebcc98191f1ff/charset_normalizer-3.4.2-cp313-cp313-musllinux_1_2_x86_64.whl", hash = "sha256:4a476b06fbcf359ad25d34a057b7219281286ae2477cc5ff5e3f70a246971148", size = 149166, upload-time = "2025-05-02T08:33:15.458Z" },
    { url = "https://files.pythonhosted.org/packages/44/96/392abd49b094d30b91d9fbda6a69519e95802250b777841cf3bda8fe136c/charset_normalizer-3.4.2-cp313-cp313-win32.whl", hash = "sha256:aaeeb6a479c7667fbe1099af9617c83aaca22182d6cf8c53966491a0f1b7ffb7", size = 98064, upload-time = "2025-05-02T08:33:17.06Z" },
    { url = "https://files.pythonhosted.org/packages/e9/b0/0200da600134e001d91851ddc797809e2fe0ea72de90e09bec5a2fbdaccb/charset_normalizer-3.4.2-cp313-cp313-win_amd64.whl", hash = "sha256:aa6af9e7d59f9c12b33ae4e9450619cf2488e2bbe9b44030905877f0b2324980", size = 105641, upload-time = "2025-05-02T08:33:18.753Z" },
    { url = "https://files.pythonhosted.org/packages/20/94/c5790835a017658cbfabd07f3bfb549140c3ac458cfc196323996b10095a/charset_normalizer-3.4.2-py3-none-any.whl", hash = "sha256:7f56930ab0abd1c45cd15be65cc741c28b1c9a34876ce8c17a2fa107810c0af0", size = 52626, upload-time = "2025-05-02T08:34:40.053Z" },
]

[[package]]
name = "idna"
version = "3.10"
source = { registry = "https://pypi.org/simple" }
sdist = { url = "https://files.pythonhosted.org/packages/f1/70/7703c29685631f5a7590aa73f1f1d3fa9a380e654b86af429e0934a32f7d/idna-3.10.tar.gz", hash = "sha256:12f65c9b470abda6dc35cf8e63cc574b1c52b11df2c86030af0ac09b01b13ea9", size = 190490, upload-time = "2024-09-15T18:07:39.745Z" }
wheels = [
    { url = "https://files.pythonhosted.org/packages/76/c6/c88e154df9c4e1a2a66ccf0005a88dfb2650c1dffb6f5ce603dfbd452ce3/idna-3.10-py3-none-any.whl", hash = "sha256:946d195a0d259cbba61165e88e65941f16e9b36ea6ddb97f00452bae8b1287d3", size = 70442, upload-time = "2024-09-15T18:07:37.964Z" },
]

[[package]]
name = "python-vlc"
version = "3.0.21203"
source = { registry = "https://pypi.org/simple" }
sdist = { url = "https://files.pythonhosted.org/packages/4b/5b/f9ce6f0c9877b6fe5eafbade55e0dcb6b2b30f1c2c95837aef40e390d63b/python_vlc-3.0.21203.tar.gz", hash = "sha256:52d0544b276b11e58b6c0b748c3e0518f94f74b1b4cd328c83a59eacabead1ec", size = 162211, upload-time = "2024-10-07T14:39:54.755Z" }
wheels = [
    { url = "https://files.pythonhosted.org/packages/5b/ee/7d76eb3b50ccb1397621f32ede0fb4d17aa55a9aa2251bc34e6b9929fdce/python_vlc-3.0.21203-py3-none-any.whl", hash = "sha256:1613451a31b692ec276296ceeae0c0ba82bfc2d094dabf9aceb70f58944a6320", size = 87651, upload-time = "2024-10-07T14:39:50.021Z" },
]

[[package]]
name = "pytubefix"
version = "9.2.0"
source = { registry = "https://pypi.org/simple" }
sdist = { url = "https://files.pythonhosted.org/packages/5f/61/e5ddfe61efd62114a17ce6e4de179dc6ed7f42bd075decbec592ef16fa66/pytubefix-9.2.0.tar.gz", hash = "sha256:40d1979f5873d17953f7d91d82ca0b25dd0182b3cc9d36fa43d8be462636aac1", size = 751615, upload-time = "2025-06-18T02:24:35.496Z" }
wheels = [
    { url = "https://files.pythonhosted.org/packages/80/05/2c806e9b4a997f42756e1aef1d33ea80f8d8844124f79f80ba7bc3b8aae2/pytubefix-9.2.0-py3-none-any.whl", hash = "sha256:06c428a6f28e6e8719bd97036e363151197d1708cd65d508ad1b95f035371a05", size = 758496, upload-time = "2025-06-18T02:24:32.915Z" },
]

[[package]]
name = "requests"
version = "2.32.4"
source = { registry = "https://pypi.org/simple" }
dependencies = [
    { name = "certifi" },
    { name = "charset-normalizer" },
    { name = "idna" },
    { name = "urllib3" },
]
sdist = { url = "https://files.pythonhosted.org/packages/e1/0a/929373653770d8a0d7ea76c37de6e41f11eb07559b103b1c02cafb3f7cf8/requests-2.32.4.tar.gz", hash = "sha256:27d0316682c8a29834d3264820024b62a36942083d52caf2f14c0591336d3422", size = 135258, upload-time = "2025-06-09T16:43:07.34Z" }
wheels = [
    { url = "https://files.pythonhosted.org/packages/7c/e4/56027c4a6b4ae70ca9de302488c5ca95ad4a39e190093d6c1a8ace08341b/requests-2.32.4-py3-none-any.whl", hash = "sha256:27babd3cda2a6d50b30443204ee89830707d396671944c998b5975b031ac2b2c", size = 64847, upload-time = "2025-06-09T16:43:05.728Z" },
]

[[package]]
name = "ruff"
version = "0.12.0"
source = { registry = "https://pypi.org/simple" }
sdist = { url = "https://files.pythonhosted.org/packages/24/90/5255432602c0b196a0da6720f6f76b93eb50baef46d3c9b0025e2f9acbf3/ruff-0.12.0.tar.gz", hash = "sha256:4d047db3662418d4a848a3fdbfaf17488b34b62f527ed6f10cb8afd78135bc5c", size = 4376101, upload-time = "2025-06-17T15:19:26.217Z" }
wheels = [
    { url = "https://files.pythonhosted.org/packages/e6/fd/b46bb20e14b11ff49dbc74c61de352e0dc07fb650189513631f6fb5fc69f/ruff-0.12.0-py3-none-linux_armv6l.whl", hash = "sha256:5652a9ecdb308a1754d96a68827755f28d5dfb416b06f60fd9e13f26191a8848", size = 10311554, upload-time = "2025-06-17T15:18:45.792Z" },
    { url = "https://files.pythonhosted.org/packages/e7/d3/021dde5a988fa3e25d2468d1dadeea0ae89dc4bc67d0140c6e68818a12a1/ruff-0.12.0-py3-none-macosx_10_12_x86_64.whl", hash = "sha256:05ed0c914fabc602fc1f3b42c53aa219e5736cb030cdd85640c32dbc73da74a6", size = 11118435, upload-time = "2025-06-17T15:18:49.064Z" },
    { url = "https://files.pythonhosted.org/packages/07/a2/01a5acf495265c667686ec418f19fd5c32bcc326d4c79ac28824aecd6a32/ruff-0.12.0-py3-none-macosx_11_0_arm64.whl", hash = "sha256:07a7aa9b69ac3fcfda3c507916d5d1bca10821fe3797d46bad10f2c6de1edda0", size = 10466010, upload-time = "2025-06-17T15:18:51.341Z" },
    { url = "https://files.pythonhosted.org/packages/4c/57/7caf31dd947d72e7aa06c60ecb19c135cad871a0a8a251723088132ce801/ruff-0.12.0-py3-none-manylinux_2_17_aarch64.manylinux2014_aarch64.whl", hash = "sha256:e7731c3eec50af71597243bace7ec6104616ca56dda2b99c89935fe926bdcd48", size = 10661366, upload-time = "2025-06-17T15:18:53.29Z" },
    { url = "https://files.pythonhosted.org/packages/e9/ba/aa393b972a782b4bc9ea121e0e358a18981980856190d7d2b6187f63e03a/ruff-0.12.0-py3-none-manylinux_2_17_armv7l.manylinux2014_armv7l.whl", hash = "sha256:952d0630eae628250ab1c70a7fffb641b03e6b4a2d3f3ec6c1d19b4ab6c6c807", size = 10173492, upload-time = "2025-06-17T15:18:55.262Z" },
    { url = "https://files.pythonhosted.org/packages/d7/50/9349ee777614bc3062fc6b038503a59b2034d09dd259daf8192f56c06720/ruff-0.12.0-py3-none-manylinux_2_17_i686.manylinux2014_i686.whl", hash = "sha256:c021f04ea06966b02614d442e94071781c424ab8e02ec7af2f037b4c1e01cc82", size = 11761739, upload-time = "2025-06-17T15:18:58.906Z" },
    { url = "https://files.pythonhosted.org/packages/04/8f/ad459de67c70ec112e2ba7206841c8f4eb340a03ee6a5cabc159fe558b8e/ruff-0.12.0-py3-none-manylinux_2_17_ppc64.manylinux2014_ppc64.whl", hash = "sha256:7d235618283718ee2fe14db07f954f9b2423700919dc688eacf3f8797a11315c", size = 12537098, upload-time = "2025-06-17T15:19:01.316Z" },
    { url = "https://files.pythonhosted.org/packages/ed/50/15ad9c80ebd3c4819f5bd8883e57329f538704ed57bac680d95cb6627527/ruff-0.12.0-py3-none-manylinux_2_17_ppc64le.manylinux2014_ppc64le.whl", hash = "sha256:0c0758038f81beec8cc52ca22de9685b8ae7f7cc18c013ec2050012862cc9165", size = 12154122, upload-time = "2025-06-17T15:19:03.727Z" },
    { url = "https://files.pythonhosted.org/packages/76/e6/79b91e41bc8cc3e78ee95c87093c6cacfa275c786e53c9b11b9358026b3d/ruff-0.12.0-py3-none-manylinux_2_17_s390x.manylinux2014_s390x.whl", hash = "sha256:139b3d28027987b78fc8d6cfb61165447bdf3740e650b7c480744873688808c2", size = 11363374, upload-time = "2025-06-17T15:19:05.875Z" },
    { url = "https://files.pythonhosted.org/packages/db/c3/82b292ff8a561850934549aa9dc39e2c4e783ab3c21debe55a495ddf7827/ruff-0.12.0-py3-none-manylinux_2_17_x86_64.manylinux2014_x86_64.whl", hash = "sha256:68853e8517b17bba004152aebd9dd77d5213e503a5f2789395b25f26acac0da4", size = 11587647, upload-time = "2025-06-17T15:19:08.246Z" },
    { url = "https://files.pythonhosted.org/packages/2b/42/d5760d742669f285909de1bbf50289baccb647b53e99b8a3b4f7ce1b2001/ruff-0.12.0-py3-none-musllinux_1_2_aarch64.whl", hash = "sha256:3a9512af224b9ac4757f7010843771da6b2b0935a9e5e76bb407caa901a1a514", size = 10527284, upload-time = "2025-06-17T15:19:10.37Z" },
    { url = "https://files.pythonhosted.org/packages/19/f6/fcee9935f25a8a8bba4adbae62495c39ef281256693962c2159e8b284c5f/ruff-0.12.0-py3-none-musllinux_1_2_armv7l.whl", hash = "sha256:b08df3d96db798e5beb488d4df03011874aff919a97dcc2dd8539bb2be5d6a88", size = 10158609, upload-time = "2025-06-17T15:19:12.286Z" },
    { url = "https://files.pythonhosted.org/packages/37/fb/057febf0eea07b9384787bfe197e8b3384aa05faa0d6bd844b94ceb29945/ruff-0.12.0-py3-none-musllinux_1_2_i686.whl", hash = "sha256:6a315992297a7435a66259073681bb0d8647a826b7a6de45c6934b2ca3a9ed51", size = 11141462, upload-time = "2025-06-17T15:19:15.195Z" },
    { url = "https://files.pythonhosted.org/packages/10/7c/1be8571011585914b9d23c95b15d07eec2d2303e94a03df58294bc9274d4/ruff-0.12.0-py3-none-musllinux_1_2_x86_64.whl", hash = "sha256:1e55e44e770e061f55a7dbc6e9aed47feea07731d809a3710feda2262d2d4d8a", size = 11641616, upload-time = "2025-06-17T15:19:17.6Z" },
    { url = "https://files.pythonhosted.org/packages/6a/ef/b960ab4818f90ff59e571d03c3f992828d4683561095e80f9ef31f3d58b7/ruff-0.12.0-py3-none-win32.whl", hash = "sha256:7162a4c816f8d1555eb195c46ae0bd819834d2a3f18f98cc63819a7b46f474fb", size = 10525289, upload-time = "2025-06-17T15:19:19.688Z" },
    { url = "https://files.pythonhosted.org/packages/34/93/8b16034d493ef958a500f17cda3496c63a537ce9d5a6479feec9558f1695/ruff-0.12.0-py3-none-win_amd64.whl", hash = "sha256:d00b7a157b8fb6d3827b49d3324da34a1e3f93492c1f97b08e222ad7e9b291e0", size = 11598311, upload-time = "2025-06-17T15:19:21.785Z" },
    { url = "https://files.pythonhosted.org/packages/d0/33/4d3e79e4a84533d6cd526bfb42c020a23256ae5e4265d858bd1287831f7d/ruff-0.12.0-py3-none-win_arm64.whl", hash = "sha256:8cd24580405ad8c1cc64d61725bca091d6b6da7eb3d36f72cc605467069d7e8b", size = 10724946, upload-time = "2025-06-17T15:19:23.952Z" },
]

[[package]]
name = "ty"
version = "0.0.1a11"
source = { registry = "https://pypi.org/simple" }
sdist = { url = "https://files.pythonhosted.org/packages/56/3b/380aac9f11adb81d9d0541f780cd4f15a189bd4ed47fe9412a282710a29c/ty-0.0.1a11.tar.gz", hash = "sha256:232aac69111c0fdb7e1fab70c5b57e93826ffe89b7f80bf8dbd512da23038959", size = 3093324, upload-time = "2025-06-17T20:50:11.518Z" }
wheels = [
    { url = "https://files.pythonhosted.org/packages/ea/e5/1d5120c45a4e21bdf421959f3ed52005e339cbcd034db390ada972cf2d69/ty-0.0.1a11-py3-none-linux_armv6l.whl", hash = "sha256:688f6f2c3fe46022bfcce1d1d9ff4734c18731c3cc4c897a5221c166c1214b8a", size = 6672838, upload-time = "2025-06-17T20:49:47.152Z" },
    { url = "https://files.pythonhosted.org/packages/73/b7/ae6a66e02fc7ea96fd4b00e15fcaa8b3b19842bf7a254bcb7212db9220e9/ty-0.0.1a11-py3-none-macosx_10_12_x86_64.whl", hash = "sha256:f0382596c7f2ca90ddf4f44dd6597e8c82a8c21089a3d49abaa892ed233c871f", size = 6776573, upload-time = "2025-06-17T20:49:48.999Z" },
    { url = "https://files.pythonhosted.org/packages/d4/58/5283473e84207f2cdc19ee97e49c55fc0104b14a085565ff82950783e6d5/ty-0.0.1a11-py3-none-macosx_11_0_arm64.whl", hash = "sha256:c76a79546ab3aef3cb31360c5e0c928d086baffeac38bacae67c3f2f4228acb7", size = 6421784, upload-time = "2025-06-17T20:49:50.294Z" },
    { url = "https://files.pythonhosted.org/packages/3a/1e/4d6806028300034eb54c97a99d59ecbbad98eca3c0f33d8e8836d8bf1b88/ty-0.0.1a11-py3-none-manylinux_2_17_aarch64.manylinux2014_aarch64.whl", hash = "sha256:2ff7d3cd78e3ea58022087420273907a8fd370a5311d412a3197ef127076f3f7", size = 6551214, upload-time = "2025-06-17T20:49:51.952Z" },
    { url = "https://files.pythonhosted.org/packages/10/15/661fbdf3cb2d5274922b3805bc8e14763a3dd80f96d502396667e64a908f/ty-0.0.1a11-py3-none-manylinux_2_17_armv7l.manylinux2014_armv7l.whl", hash = "sha256:07ec67e81b1e49e55c89ccba15b79c14d501eb20f89f063c64db6a2d1ab26559", size = 6528476, upload-time = "2025-06-17T20:49:53.215Z" },
    { url = "https://files.pythonhosted.org/packages/a9/2a/49407ec853f35c8682675631dfc32ccf6e9228002b0763c0dad39d899ced/ty-0.0.1a11-py3-none-manylinux_2_17_i686.manylinux2014_i686.whl", hash = "sha256:0ba48cf6542cc6e390965f347f643f427b3cca2968bc359eb5360e073b2b4778", size = 7298269, upload-time = "2025-06-17T20:49:54.513Z" },
    { url = "https://files.pythonhosted.org/packages/6f/33/89fd6c901ec0594db4db80750675f4daff5d2392b92f48502df134ed096b/ty-0.0.1a11-py3-none-manylinux_2_17_ppc64.manylinux2014_ppc64.whl", hash = "sha256:ca1c129de24023747b8a4fdab243024c2fef4e686b0a2295366a3f23effec787", size = 7736950, upload-time = "2025-06-17T20:49:56.134Z" },
    { url = "https://files.pythonhosted.org/packages/c6/07/31d49574e078323672b6d1c33a5b8d3a5f4a13bc5d7a28d98d608e63a17b/ty-0.0.1a11-py3-none-manylinux_2_17_ppc64le.manylinux2014_ppc64le.whl", hash = "sha256:8a7858b1dfb1fc29a967b5c50e1419f68dae651c84d0b1acd2238e325f64f9a0", size = 7399246, upload-time = "2025-06-17T20:49:57.888Z" },
    { url = "https://files.pythonhosted.org/packages/8e/73/bc6e292b67bfac2165fd55065b14c170c9c7e6e5cdd40aa5d4009eac3daa/ty-0.0.1a11-py3-none-manylinux_2_17_s390x.manylinux2014_s390x.whl", hash = "sha256:e817140b2b84574e2897fd351afc63164608f8f04b07d79715401057ecbd9429", size = 7269760, upload-time = "2025-06-17T20:49:59.182Z" },
    { url = "https://files.pythonhosted.org/packages/55/35/9d20c4d3f063d90408df09c911810654d152651437377dc22bce1e68f44e/ty-0.0.1a11-py3-none-manylinux_2_17_x86_64.manylinux2014_x86_64.whl", hash = "sha256:4dd3b467fcbab99de34f481156f7d1900ea6ac33d76b60468e2bb341578a5df8", size = 7078872, upload-time = "2025-06-17T20:50:00.592Z" },
    { url = "https://files.pythonhosted.org/packages/53/12/fd87a7e475864c96b342856b76c9b5b6ef20febc05c3fc6b368e0f341990/ty-0.0.1a11-py3-none-musllinux_1_2_aarch64.whl", hash = "sha256:185877c46758df556f82deacd549842d5e61bb358f7814a98bb26ffd1abada78", size = 6453963, upload-time = "2025-06-17T20:50:01.979Z" },
    { url = "https://files.pythonhosted.org/packages/c7/b7/7c6707adbe049d7b27c525f97030f296e2a0e3c34f70c043683d27f152d6/ty-0.0.1a11-py3-none-musllinux_1_2_armv7l.whl", hash = "sha256:9bb86aa3dd3b6b736ab5faefc12f9a9f2a01278937725e71f4d623a0cc6d6dbf", size = 6549616, upload-time = "2025-06-17T20:50:03.237Z" },
    { url = "https://files.pythonhosted.org/packages/63/dd/266af511b66842670ae9a8ef7d8b62142a6abdaffea5bf7f96f6edafddd9/ty-0.0.1a11-py3-none-musllinux_1_2_i686.whl", hash = "sha256:94f44f5d536d3b59764412caae6fd0b89b5516a091e0a9229c92067658b4157e", size = 6959876, upload-time = "2025-06-17T20:50:04.678Z" },
    { url = "https://files.pythonhosted.org/packages/81/53/e627a994da039b7a8c653b168424ebfbd6757ece74dce436fbb2e8ad6acb/ty-0.0.1a11-py3-none-musllinux_1_2_x86_64.whl", hash = "sha256:d68d9f7d960669f66387b8a855577fb16e10b6ae598d5a95324fcbb84d109a92", size = 7142868, upload-time = "2025-06-17T20:50:05.94Z" },
    { url = "https://files.pythonhosted.org/packages/e6/54/6bbcc8f3cc81240728cd9d123b5123775405d5716bd7d69cfdd338c09a5e/ty-0.0.1a11-py3-none-win32.whl", hash = "sha256:16c518b33cdea30de29d043a21ab2740fa97346c96ac9dca4cd1e7f8762d56cd", size = 6326293, upload-time = "2025-06-17T20:50:07.257Z" },
    { url = "https://files.pythonhosted.org/packages/c8/f7/a50edfc886bb626370fbdf27b7c7d9e19802dcd7d42029ae69343dc69ec6/ty-0.0.1a11-py3-none-win_amd64.whl", hash = "sha256:6c5e7f6fc6217d1acb264fcd8d696da131237bee38dc51feac25f345e88efa2f", size = 6909121, upload-time = "2025-06-17T20:50:08.807Z" },
    { url = "https://files.pythonhosted.org/packages/0e/18/25b3651767c5017c431b0c7e7acacef46b1f02bd3043ce18b89c7526adcf/ty-0.0.1a11-py3-none-win_arm64.whl", hash = "sha256:732736545bbdc021eed68fd0c665f974b4d2fe275fe9bdafea5a68522f7e3f64", size = 6520239, upload-time = "2025-06-17T20:50:10.23Z" },
]

[[package]]
name = "urllib3"
version = "2.5.0"
source = { registry = "https://pypi.org/simple" }
sdist = { url = "https://files.pythonhosted.org/packages/15/22/9ee70a2574a4f4599c47dd506532914ce044817c7752a79b6a51286319bc/urllib3-2.5.0.tar.gz", hash = "sha256:3fc47733c7e419d4bc3f6b3dc2b4f890bb743906a30d56ba4a5bfa4bbff92760", size = 393185, upload-time = "2025-06-18T14:07:41.644Z" }
wheels = [
    { url = "https://files.pythonhosted.org/packages/a7/c2/fe1e52489ae3122415c51f387e221dd0773709bad6c6cdaa599e8a2c5185/urllib3-2.5.0-py3-none-any.whl", hash = "sha256:e6b01673c0fa6a13e374b50871808eb3bf7046c4b125b216f6bf1cc604cff0dc", size = 129795, upload-time = "2025-06-18T14:07:40.39Z" },
]

[[package]]
name = "wisdom-tree"
version = "0.1.0"
source = { virtual = "." }
dependencies = [
    { name = "python-vlc" },
    { name = "pytubefix" },
    { name = "requests" },
]

[package.dev-dependencies]
dev = [
    { name = "ruff" },
    { name = "ty" },
]

[package.metadata]
requires-dist = [
    { name = "python-vlc", specifier = ">=3.0.21203" },
    { name = "pytubefix", specifier = ">=9.2.0" },
    { name = "requests", specifier = ">=2.32.4" },
]

[package.metadata.requires-dev]
dev = [
    { name = "ruff", specifier = ">=0.12.0" },
    { name = "ty", specifier = ">=0.0.1a11" },
]
